// !$*UTF8*$!
{
	archiveVersion = 1;
	classes = {
	};
	objectVersion = 55;
	objects = {

/* Begin PBXBuildFile section */
		B904FB1927CCD13300482B2C /* FeaturePlaylistCellViewModel.swift in Sources */ = {isa = PBXBuildFile; fileRef = B904FB1827CCD13300482B2C /* FeaturePlaylistCellViewModel.swift */; };
		B904FB1B27CCD16400482B2C /* RecommendationCellViewModel.swift in Sources */ = {isa = PBXBuildFile; fileRef = B904FB1A27CCD16400482B2C /* RecommendationCellViewModel.swift */; };
		B92591D127B54E960019031E /* AppDelegate.swift in Sources */ = {isa = PBXBuildFile; fileRef = B92591D027B54E960019031E /* AppDelegate.swift */; };
		B92591D327B54E960019031E /* SceneDelegate.swift in Sources */ = {isa = PBXBuildFile; fileRef = B92591D227B54E960019031E /* SceneDelegate.swift */; };
		B92591D527B54E960019031E /* HomeViewController.swift in Sources */ = {isa = PBXBuildFile; fileRef = B92591D427B54E960019031E /* HomeViewController.swift */; };
		B92591DD27B54E970019031E /* LaunchScreen.storyboard in Resources */ = {isa = PBXBuildFile; fileRef = B92591DB27B54E970019031E /* LaunchScreen.storyboard */; };
		B92DD43C27C6361600FFEC10 /* RecommendationResponse.swift in Sources */ = {isa = PBXBuildFile; fileRef = B92DD43B27C6361600FFEC10 /* RecommendationResponse.swift */; };
		B936EDD227C1586100E1FA27 /* SDWebImage in Frameworks */ = {isa = PBXBuildFile; productRef = B936EDD127C1586100E1FA27 /* SDWebImage */; };
		B940ECFB27B7694B006B3332 /* K.swift in Sources */ = {isa = PBXBuildFile; fileRef = B940ECFA27B7694B006B3332 /* K.swift */; };
		B940ECFE27B96AC0006B3332 /* AuthResponse.swift in Sources */ = {isa = PBXBuildFile; fileRef = B940ECFD27B96AC0006B3332 /* AuthResponse.swift */; };
		B9445C4427D1F88200BE453A /* PlaylistDetailResponse.swift in Sources */ = {isa = PBXBuildFile; fileRef = B9445C4327D1F88200BE453A /* PlaylistDetailResponse.swift */; };
		B953164427BF5DB400C260DD /* ProfileViewController.swift in Sources */ = {isa = PBXBuildFile; fileRef = B953164327BF5DB400C260DD /* ProfileViewController.swift */; };
		B9576A0F27B61DF3006E49DB /* AuthManager.swift in Sources */ = {isa = PBXBuildFile; fileRef = B9576A0E27B61DF3006E49DB /* AuthManager.swift */; };
		B9576A1127B6204B006E49DB /* WelcomeViewController.swift in Sources */ = {isa = PBXBuildFile; fileRef = B9576A1027B6204B006E49DB /* WelcomeViewController.swift */; };
		B9576A1627B63D6E006E49DB /* AuthViewController.swift in Sources */ = {isa = PBXBuildFile; fileRef = B9576A1527B63D6E006E49DB /* AuthViewController.swift */; };
		B968A01127D4793800DB34F0 /* PlaylistHeaderCollectionReusableView.swift in Sources */ = {isa = PBXBuildFile; fileRef = B968A01027D4793800DB34F0 /* PlaylistHeaderCollectionReusableView.swift */; };
		B981F9C227CF4A6C0085A65F /* PlaylistViewController.swift in Sources */ = {isa = PBXBuildFile; fileRef = B981F9C127CF4A6C0085A65F /* PlaylistViewController.swift */; };
		B981F9C427CF4AA10085A65F /* AlbumViewController.swift in Sources */ = {isa = PBXBuildFile; fileRef = B981F9C327CF4AA10085A65F /* AlbumViewController.swift */; };
		B99A181A27C0B6E80015BFFE /* SettingsViewController.swift in Sources */ = {isa = PBXBuildFile; fileRef = B99A181927C0B6E80015BFFE /* SettingsViewController.swift */; };
		B99A181C27C0BA570015BFFE /* SettingsModels.swift in Sources */ = {isa = PBXBuildFile; fileRef = B99A181B27C0BA570015BFFE /* SettingsModels.swift */; };
		B9ACFAC527CB5AB000AF30EE /* NewReleasesCollectionViewCell.swift in Sources */ = {isa = PBXBuildFile; fileRef = B9ACFAC427CB5AB000AF30EE /* NewReleasesCollectionViewCell.swift */; };
		B9ACFAC727CB5AC700AF30EE /* FeaturePlaylistCollectionViewCell.swift in Sources */ = {isa = PBXBuildFile; fileRef = B9ACFAC627CB5AC700AF30EE /* FeaturePlaylistCollectionViewCell.swift */; };
		B9ACFAC927CB5AD600AF30EE /* RecommendationTrackViewCell.swift in Sources */ = {isa = PBXBuildFile; fileRef = B9ACFAC827CB5AD500AF30EE /* RecommendationTrackViewCell.swift */; };
		B9ACFACB27CB6B9100AF30EE /* NewReleasesCellViewModel.swift in Sources */ = {isa = PBXBuildFile; fileRef = B9ACFACA27CB6B9100AF30EE /* NewReleasesCellViewModel.swift */; };
		B9BA344727B557620001C99E /* TabBarViewController.swift in Sources */ = {isa = PBXBuildFile; fileRef = B9BA344627B557620001C99E /* TabBarViewController.swift */; };
		B9BA344B27B566430001C99E /* SearchViewController.swift in Sources */ = {isa = PBXBuildFile; fileRef = B9BA344A27B566430001C99E /* SearchViewController.swift */; };
		B9BA344D27B566B90001C99E /* LibraryViewController.swift in Sources */ = {isa = PBXBuildFile; fileRef = B9BA344C27B566B90001C99E /* LibraryViewController.swift */; };
		B9C53F9B27BE06C400E4644A /* APICaller.swift in Sources */ = {isa = PBXBuildFile; fileRef = B9C53F9A27BE06C400E4644A /* APICaller.swift */; };
		B9C53F9D27BE087D00E4644A /* UserProfile.swift in Sources */ = {isa = PBXBuildFile; fileRef = B9C53F9C27BE087D00E4644A /* UserProfile.swift */; };
		B9C8755427D07819001BC0EC /* AlbumDetailResponse.swift in Sources */ = {isa = PBXBuildFile; fileRef = B9C8755327D07819001BC0EC /* AlbumDetailResponse.swift */; };
		B9E8A55627C4D15A0051D9D5 /* NewReleasesResponse.swift in Sources */ = {isa = PBXBuildFile; fileRef = B9E8A55527C4D15A0051D9D5 /* NewReleasesResponse.swift */; };
		B9E8A55827C4EFBF0051D9D5 /* APIImage.swift in Sources */ = {isa = PBXBuildFile; fileRef = B9E8A55727C4EFBF0051D9D5 /* APIImage.swift */; };
		B9E8A55A27C53B750051D9D5 /* FeaturedPlaylistsResponse.swift in Sources */ = {isa = PBXBuildFile; fileRef = B9E8A55927C53B750051D9D5 /* FeaturedPlaylistsResponse.swift */; };
		B9E8A55C27C5FE070051D9D5 /* Genres.swift in Sources */ = {isa = PBXBuildFile; fileRef = B9E8A55B27C5FE070051D9D5 /* Genres.swift */; };
		B9FBDEF827C1FD6F003B0244 /* Assets.xcassets in Resources */ = {isa = PBXBuildFile; fileRef = B9FBDEF727C1FD6F003B0244 /* Assets.xcassets */; };
/* End PBXBuildFile section */

/* Begin PBXFileReference section */
		B904FB1827CCD13300482B2C /* FeaturePlaylistCellViewModel.swift */ = {isa = PBXFileReference; lastKnownFileType = sourcecode.swift; path = FeaturePlaylistCellViewModel.swift; sourceTree = "<group>"; };
		B904FB1A27CCD16400482B2C /* RecommendationCellViewModel.swift */ = {isa = PBXFileReference; lastKnownFileType = sourcecode.swift; path = RecommendationCellViewModel.swift; sourceTree = "<group>"; };
		B92591CD27B54E960019031E /* SpotifyClone.app */ = {isa = PBXFileReference; explicitFileType = wrapper.application; includeInIndex = 0; path = SpotifyClone.app; sourceTree = BUILT_PRODUCTS_DIR; };
		B92591D027B54E960019031E /* AppDelegate.swift */ = {isa = PBXFileReference; lastKnownFileType = sourcecode.swift; path = AppDelegate.swift; sourceTree = "<group>"; };
		B92591D227B54E960019031E /* SceneDelegate.swift */ = {isa = PBXFileReference; lastKnownFileType = sourcecode.swift; path = SceneDelegate.swift; sourceTree = "<group>"; };
		B92591D427B54E960019031E /* HomeViewController.swift */ = {isa = PBXFileReference; lastKnownFileType = sourcecode.swift; path = HomeViewController.swift; sourceTree = "<group>"; };
		B92591DC27B54E970019031E /* Base */ = {isa = PBXFileReference; lastKnownFileType = file.storyboard; name = Base; path = Base.lproj/LaunchScreen.storyboard; sourceTree = "<group>"; };
		B92591DE27B54E970019031E /* Info.plist */ = {isa = PBXFileReference; lastKnownFileType = text.plist.xml; path = Info.plist; sourceTree = "<group>"; };
		B92DD43B27C6361600FFEC10 /* RecommendationResponse.swift */ = {isa = PBXFileReference; lastKnownFileType = sourcecode.swift; path = RecommendationResponse.swift; sourceTree = "<group>"; };
		B940ECFA27B7694B006B3332 /* K.swift */ = {isa = PBXFileReference; lastKnownFileType = sourcecode.swift; path = K.swift; sourceTree = "<group>"; };
		B940ECFD27B96AC0006B3332 /* AuthResponse.swift */ = {isa = PBXFileReference; lastKnownFileType = sourcecode.swift; path = AuthResponse.swift; sourceTree = "<group>"; };
		B9445C4327D1F88200BE453A /* PlaylistDetailResponse.swift */ = {isa = PBXFileReference; lastKnownFileType = sourcecode.swift; path = PlaylistDetailResponse.swift; sourceTree = "<group>"; };
		B953164327BF5DB400C260DD /* ProfileViewController.swift */ = {isa = PBXFileReference; lastKnownFileType = sourcecode.swift; path = ProfileViewController.swift; sourceTree = "<group>"; };
		B9576A0E27B61DF3006E49DB /* AuthManager.swift */ = {isa = PBXFileReference; lastKnownFileType = sourcecode.swift; path = AuthManager.swift; sourceTree = "<group>"; };
		B9576A1027B6204B006E49DB /* WelcomeViewController.swift */ = {isa = PBXFileReference; lastKnownFileType = sourcecode.swift; path = WelcomeViewController.swift; sourceTree = "<group>"; };
		B9576A1427B63223006E49DB /* Config.xcconfig */ = {isa = PBXFileReference; lastKnownFileType = text.xcconfig; path = Config.xcconfig; sourceTree = "<group>"; };
		B9576A1527B63D6E006E49DB /* AuthViewController.swift */ = {isa = PBXFileReference; lastKnownFileType = sourcecode.swift; path = AuthViewController.swift; sourceTree = "<group>"; };
		B968A01027D4793800DB34F0 /* PlaylistHeaderCollectionReusableView.swift */ = {isa = PBXFileReference; lastKnownFileType = sourcecode.swift; path = PlaylistHeaderCollectionReusableView.swift; sourceTree = "<group>"; };
		B981F9C127CF4A6C0085A65F /* PlaylistViewController.swift */ = {isa = PBXFileReference; lastKnownFileType = sourcecode.swift; path = PlaylistViewController.swift; sourceTree = "<group>"; };
		B981F9C327CF4AA10085A65F /* AlbumViewController.swift */ = {isa = PBXFileReference; lastKnownFileType = sourcecode.swift; path = AlbumViewController.swift; sourceTree = "<group>"; };
		B99A181927C0B6E80015BFFE /* SettingsViewController.swift */ = {isa = PBXFileReference; lastKnownFileType = sourcecode.swift; path = SettingsViewController.swift; sourceTree = "<group>"; };
		B99A181B27C0BA570015BFFE /* SettingsModels.swift */ = {isa = PBXFileReference; lastKnownFileType = sourcecode.swift; path = SettingsModels.swift; sourceTree = "<group>"; };
		B9ACFAC427CB5AB000AF30EE /* NewReleasesCollectionViewCell.swift */ = {isa = PBXFileReference; lastKnownFileType = sourcecode.swift; path = NewReleasesCollectionViewCell.swift; sourceTree = "<group>"; };
		B9ACFAC627CB5AC700AF30EE /* FeaturePlaylistCollectionViewCell.swift */ = {isa = PBXFileReference; lastKnownFileType = sourcecode.swift; path = FeaturePlaylistCollectionViewCell.swift; sourceTree = "<group>"; };
		B9ACFAC827CB5AD500AF30EE /* RecommendationTrackViewCell.swift */ = {isa = PBXFileReference; lastKnownFileType = sourcecode.swift; path = RecommendationTrackViewCell.swift; sourceTree = "<group>"; };
		B9ACFACA27CB6B9100AF30EE /* NewReleasesCellViewModel.swift */ = {isa = PBXFileReference; lastKnownFileType = sourcecode.swift; path = NewReleasesCellViewModel.swift; sourceTree = "<group>"; };
		B9BA344627B557620001C99E /* TabBarViewController.swift */ = {isa = PBXFileReference; lastKnownFileType = sourcecode.swift; path = TabBarViewController.swift; sourceTree = "<group>"; };
		B9BA344A27B566430001C99E /* SearchViewController.swift */ = {isa = PBXFileReference; lastKnownFileType = sourcecode.swift; path = SearchViewController.swift; sourceTree = "<group>"; };
		B9BA344C27B566B90001C99E /* LibraryViewController.swift */ = {isa = PBXFileReference; lastKnownFileType = sourcecode.swift; path = LibraryViewController.swift; sourceTree = "<group>"; };
		B9C53F9A27BE06C400E4644A /* APICaller.swift */ = {isa = PBXFileReference; lastKnownFileType = sourcecode.swift; path = APICaller.swift; sourceTree = "<group>"; };
		B9C53F9C27BE087D00E4644A /* UserProfile.swift */ = {isa = PBXFileReference; lastKnownFileType = sourcecode.swift; path = UserProfile.swift; sourceTree = "<group>"; };
		B9C8755327D07819001BC0EC /* AlbumDetailResponse.swift */ = {isa = PBXFileReference; lastKnownFileType = sourcecode.swift; path = AlbumDetailResponse.swift; sourceTree = "<group>"; };
		B9E8A55527C4D15A0051D9D5 /* NewReleasesResponse.swift */ = {isa = PBXFileReference; lastKnownFileType = sourcecode.swift; path = NewReleasesResponse.swift; sourceTree = "<group>"; };
		B9E8A55727C4EFBF0051D9D5 /* APIImage.swift */ = {isa = PBXFileReference; lastKnownFileType = sourcecode.swift; path = APIImage.swift; sourceTree = "<group>"; };
		B9E8A55927C53B750051D9D5 /* FeaturedPlaylistsResponse.swift */ = {isa = PBXFileReference; lastKnownFileType = sourcecode.swift; path = FeaturedPlaylistsResponse.swift; sourceTree = "<group>"; };
		B9E8A55B27C5FE070051D9D5 /* Genres.swift */ = {isa = PBXFileReference; lastKnownFileType = sourcecode.swift; path = Genres.swift; sourceTree = "<group>"; };
		B9FBDEF727C1FD6F003B0244 /* Assets.xcassets */ = {isa = PBXFileReference; lastKnownFileType = folder.assetcatalog; name = Assets.xcassets; path = assets/AppIcons/Assets.xcassets; sourceTree = SOURCE_ROOT; };
/* End PBXFileReference section */

/* Begin PBXFrameworksBuildPhase section */
		B92591CA27B54E960019031E /* Frameworks */ = {
			isa = PBXFrameworksBuildPhase;
			buildActionMask = 2147483647;
			files = (
				B936EDD227C1586100E1FA27 /* SDWebImage in Frameworks */,
			);
			runOnlyForDeploymentPostprocessing = 0;
		};
/* End PBXFrameworksBuildPhase section */

/* Begin PBXGroup section */
		B92591C427B54E960019031E = {
			isa = PBXGroup;
			children = (
				B92591CF27B54E960019031E /* SpotifyClone */,
				B92591CE27B54E960019031E /* Products */,
			);
			sourceTree = "<group>";
		};
		B92591CE27B54E960019031E /* Products */ = {
			isa = PBXGroup;
			children = (
				B92591CD27B54E960019031E /* SpotifyClone.app */,
			);
			name = Products;
			sourceTree = "<group>";
		};
		B92591CF27B54E960019031E /* SpotifyClone */ = {
			isa = PBXGroup;
			children = (
				B940ECFC27B96AA8006B3332 /* Models */,
				B92591E927B54F1A0019031E /* Products */,
				B92591E827B54F130019031E /* Controllers */,
				B92591E727B54F090019031E /* Views */,
				B92591E627B54F010019031E /* ViewModels */,
				B92591E527B54EF30019031E /* Managers */,
				B92591E427B54EE30019031E /* Resources */,
				B92591DB27B54E970019031E /* LaunchScreen.storyboard */,
				B92591DE27B54E970019031E /* Info.plist */,
			);
			path = SpotifyClone;
			sourceTree = "<group>";
		};
		B92591E427B54EE30019031E /* Resources */ = {
			isa = PBXGroup;
			children = (
				B92591D027B54E960019031E /* AppDelegate.swift */,
				B92591D227B54E960019031E /* SceneDelegate.swift */,
				B9FBDEF727C1FD6F003B0244 /* Assets.xcassets */,
				B9576A1427B63223006E49DB /* Config.xcconfig */,
				B940ECFA27B7694B006B3332 /* K.swift */,
			);
			path = Resources;
			sourceTree = "<group>";
		};
		B92591E527B54EF30019031E /* Managers */ = {
			isa = PBXGroup;
			children = (
				B9576A0E27B61DF3006E49DB /* AuthManager.swift */,
				B9C53F9A27BE06C400E4644A /* APICaller.swift */,
			);
			path = Managers;
			sourceTree = "<group>";
		};
		B92591E627B54F010019031E /* ViewModels */ = {
			isa = PBXGroup;
			children = (
				B9ACFACA27CB6B9100AF30EE /* NewReleasesCellViewModel.swift */,
				B904FB1827CCD13300482B2C /* FeaturePlaylistCellViewModel.swift */,
				B904FB1A27CCD16400482B2C /* RecommendationCellViewModel.swift */,
			);
			path = ViewModels;
			sourceTree = "<group>";
		};
		B92591E727B54F090019031E /* Views */ = {
			isa = PBXGroup;
			children = (
				B968A00F27D478DF00DB34F0 /* Supplement */,
				B9ACFAC327CB5A8400AF30EE /* Browse */,
			);
			path = Views;
			sourceTree = "<group>";
		};
		B92591E827B54F130019031E /* Controllers */ = {
			isa = PBXGroup;
			children = (
				B9BA344927B565120001C99E /* Other */,
				B9BA344827B565090001C99E /* Core */,
			);
			path = Controllers;
			sourceTree = "<group>";
		};
		B92591E927B54F1A0019031E /* Products */ = {
			isa = PBXGroup;
			children = (
			);
			path = Products;
			sourceTree = "<group>";
		};
		B940ECFC27B96AA8006B3332 /* Models */ = {
			isa = PBXGroup;
			children = (
				B940ECFD27B96AC0006B3332 /* AuthResponse.swift */,
				B9C53F9C27BE087D00E4644A /* UserProfile.swift */,
				B99A181B27C0BA570015BFFE /* SettingsModels.swift */,
				B9E8A55527C4D15A0051D9D5 /* NewReleasesResponse.swift */,
				B9E8A55727C4EFBF0051D9D5 /* APIImage.swift */,
				B9E8A55927C53B750051D9D5 /* FeaturedPlaylistsResponse.swift */,
				B9E8A55B27C5FE070051D9D5 /* Genres.swift */,
				B92DD43B27C6361600FFEC10 /* RecommendationResponse.swift */,
				B9C8755327D07819001BC0EC /* AlbumDetailResponse.swift */,
				B9445C4327D1F88200BE453A /* PlaylistDetailResponse.swift */,
			);
			path = Models;
			sourceTree = "<group>";
		};
		B968A00F27D478DF00DB34F0 /* Supplement */ = {
			isa = PBXGroup;
			children = (
				B968A01027D4793800DB34F0 /* PlaylistHeaderCollectionReusableView.swift */,
			);
			path = Supplement;
			sourceTree = "<group>";
		};
		B9ACFAC327CB5A8400AF30EE /* Browse */ = {
			isa = PBXGroup;
			children = (
				B9ACFAC427CB5AB000AF30EE /* NewReleasesCollectionViewCell.swift */,
				B9ACFAC627CB5AC700AF30EE /* FeaturePlaylistCollectionViewCell.swift */,
				B9ACFAC827CB5AD500AF30EE /* RecommendationTrackViewCell.swift */,
			);
			path = Browse;
			sourceTree = "<group>";
		};
		B9BA344827B565090001C99E /* Core */ = {
			isa = PBXGroup;
			children = (
				B92591D427B54E960019031E /* HomeViewController.swift */,
				B9BA344627B557620001C99E /* TabBarViewController.swift */,
				B9BA344A27B566430001C99E /* SearchViewController.swift */,
				B9BA344C27B566B90001C99E /* LibraryViewController.swift */,
			);
			path = Core;
			sourceTree = "<group>";
		};
		B9BA344927B565120001C99E /* Other */ = {
			isa = PBXGroup;
			children = (
				B9576A1027B6204B006E49DB /* WelcomeViewController.swift */,
				B9576A1527B63D6E006E49DB /* AuthViewController.swift */,
				B953164327BF5DB400C260DD /* ProfileViewController.swift */,
				B99A181927C0B6E80015BFFE /* SettingsViewController.swift */,
				B981F9C127CF4A6C0085A65F /* PlaylistViewController.swift */,
				B981F9C327CF4AA10085A65F /* AlbumViewController.swift */,
			);
			path = Other;
			sourceTree = "<group>";
		};
/* End PBXGroup section */

/* Begin PBXNativeTarget section */
		B92591CC27B54E960019031E /* SpotifyClone */ = {
			isa = PBXNativeTarget;
			buildConfigurationList = B92591E127B54E970019031E /* Build configuration list for PBXNativeTarget "SpotifyClone" */;
			buildPhases = (
				B92591C927B54E960019031E /* Sources */,
				B92591CA27B54E960019031E /* Frameworks */,
				B92591CB27B54E960019031E /* Resources */,
			);
			buildRules = (
			);
			dependencies = (
			);
			name = SpotifyClone;
			packageProductDependencies = (
				B936EDD127C1586100E1FA27 /* SDWebImage */,
			);
			productName = SpotifyClone;
			productReference = B92591CD27B54E960019031E /* SpotifyClone.app */;
			productType = "com.apple.product-type.application";
		};
/* End PBXNativeTarget section */

/* Begin PBXProject section */
		B92591C527B54E960019031E /* Project object */ = {
			isa = PBXProject;
			attributes = {
				BuildIndependentTargetsInParallel = 1;
				LastSwiftUpdateCheck = 1310;
				LastUpgradeCheck = 1310;
				TargetAttributes = {
					B92591CC27B54E960019031E = {
						CreatedOnToolsVersion = 13.1;
					};
				};
			};
			buildConfigurationList = B92591C827B54E960019031E /* Build configuration list for PBXProject "SpotifyClone" */;
			compatibilityVersion = "Xcode 13.0";
			developmentRegion = en;
			hasScannedForEncodings = 0;
			knownRegions = (
				en,
				Base,
			);
			mainGroup = B92591C427B54E960019031E;
			packageReferences = (
				B936EDD027C1586100E1FA27 /* XCRemoteSwiftPackageReference "SDWebImage" */,
			);
			productRefGroup = B92591CE27B54E960019031E /* Products */;
			projectDirPath = "";
			projectRoot = "";
			targets = (
				B92591CC27B54E960019031E /* SpotifyClone */,
			);
		};
/* End PBXProject section */

/* Begin PBXResourcesBuildPhase section */
		B92591CB27B54E960019031E /* Resources */ = {
			isa = PBXResourcesBuildPhase;
			buildActionMask = 2147483647;
			files = (
				B92591DD27B54E970019031E /* LaunchScreen.storyboard in Resources */,
				B9FBDEF827C1FD6F003B0244 /* Assets.xcassets in Resources */,
			);
			runOnlyForDeploymentPostprocessing = 0;
		};
/* End PBXResourcesBuildPhase section */

/* Begin PBXSourcesBuildPhase section */
		B92591C927B54E960019031E /* Sources */ = {
			isa = PBXSourcesBuildPhase;
			buildActionMask = 2147483647;
			files = (
				B9BA344B27B566430001C99E /* SearchViewController.swift in Sources */,
				B904FB1B27CCD16400482B2C /* RecommendationCellViewModel.swift in Sources */,
				B904FB1927CCD13300482B2C /* FeaturePlaylistCellViewModel.swift in Sources */,
				B940ECFB27B7694B006B3332 /* K.swift in Sources */,
				B9445C4427D1F88200BE453A /* PlaylistDetailResponse.swift in Sources */,
				B9ACFACB27CB6B9100AF30EE /* NewReleasesCellViewModel.swift in Sources */,
				B9576A1127B6204B006E49DB /* WelcomeViewController.swift in Sources */,
				B9576A0F27B61DF3006E49DB /* AuthManager.swift in Sources */,
				B9E8A55A27C53B750051D9D5 /* FeaturedPlaylistsResponse.swift in Sources */,
				B99A181C27C0BA570015BFFE /* SettingsModels.swift in Sources */,
				B953164427BF5DB400C260DD /* ProfileViewController.swift in Sources */,
				B9ACFAC527CB5AB000AF30EE /* NewReleasesCollectionViewCell.swift in Sources */,
				B981F9C427CF4AA10085A65F /* AlbumViewController.swift in Sources */,
				B92DD43C27C6361600FFEC10 /* RecommendationResponse.swift in Sources */,
				B981F9C227CF4A6C0085A65F /* PlaylistViewController.swift in Sources */,
				B9BA344727B557620001C99E /* TabBarViewController.swift in Sources */,
				B92591D527B54E960019031E /* HomeViewController.swift in Sources */,
				B9ACFAC927CB5AD600AF30EE /* RecommendationTrackViewCell.swift in Sources */,
				B92591D127B54E960019031E /* AppDelegate.swift in Sources */,
				B99A181A27C0B6E80015BFFE /* SettingsViewController.swift in Sources */,
				B9E8A55C27C5FE070051D9D5 /* Genres.swift in Sources */,
				B9C8755427D07819001BC0EC /* AlbumDetailResponse.swift in Sources */,
				B9C53F9B27BE06C400E4644A /* APICaller.swift in Sources */,
				B9BA344D27B566B90001C99E /* LibraryViewController.swift in Sources */,
				B940ECFE27B96AC0006B3332 /* AuthResponse.swift in Sources */,
				B9576A1627B63D6E006E49DB /* AuthViewController.swift in Sources */,
				B968A01127D4793800DB34F0 /* PlaylistHeaderCollectionReusableView.swift in Sources */,
				B92591D327B54E960019031E /* SceneDelegate.swift in Sources */,
				B9E8A55627C4D15A0051D9D5 /* NewReleasesResponse.swift in Sources */,
				B9E8A55827C4EFBF0051D9D5 /* APIImage.swift in Sources */,
				B9C53F9D27BE087D00E4644A /* UserProfile.swift in Sources */,
				B9ACFAC727CB5AC700AF30EE /* FeaturePlaylistCollectionViewCell.swift in Sources */,
			);
			runOnlyForDeploymentPostprocessing = 0;
		};
/* End PBXSourcesBuildPhase section */

/* Begin PBXVariantGroup section */
		B92591DB27B54E970019031E /* LaunchScreen.storyboard */ = {
			isa = PBXVariantGroup;
			children = (
				B92591DC27B54E970019031E /* Base */,
			);
			name = LaunchScreen.storyboard;
			sourceTree = "<group>";
		};
/* End PBXVariantGroup section */

/* Begin XCBuildConfiguration section */
		B92591DF27B54E970019031E /* Debug */ = {
			isa = XCBuildConfiguration;
			baseConfigurationReference = B9576A1427B63223006E49DB /* Config.xcconfig */;
			buildSettings = {
				ALWAYS_SEARCH_USER_PATHS = NO;
				CLANG_ANALYZER_NONNULL = YES;
				CLANG_ANALYZER_NUMBER_OBJECT_CONVERSION = YES_AGGRESSIVE;
				CLANG_CXX_LANGUAGE_STANDARD = "gnu++17";
				CLANG_CXX_LIBRARY = "libc++";
				CLANG_ENABLE_MODULES = YES;
				CLANG_ENABLE_OBJC_ARC = YES;
				CLANG_ENABLE_OBJC_WEAK = YES;
				CLANG_WARN_BLOCK_CAPTURE_AUTORELEASING = YES;
				CLANG_WARN_BOOL_CONVERSION = YES;
				CLANG_WARN_COMMA = YES;
				CLANG_WARN_CONSTANT_CONVERSION = YES;
				CLANG_WARN_DEPRECATED_OBJC_IMPLEMENTATIONS = YES;
				CLANG_WARN_DIRECT_OBJC_ISA_USAGE = YES_ERROR;
				CLANG_WARN_DOCUMENTATION_COMMENTS = YES;
				CLANG_WARN_EMPTY_BODY = YES;
				CLANG_WARN_ENUM_CONVERSION = YES;
				CLANG_WARN_INFINITE_RECURSION = YES;
				CLANG_WARN_INT_CONVERSION = YES;
				CLANG_WARN_NON_LITERAL_NULL_CONVERSION = YES;
				CLANG_WARN_OBJC_IMPLICIT_RETAIN_SELF = YES;
				CLANG_WARN_OBJC_LITERAL_CONVERSION = YES;
				CLANG_WARN_OBJC_ROOT_CLASS = YES_ERROR;
				CLANG_WARN_QUOTED_INCLUDE_IN_FRAMEWORK_HEADER = YES;
				CLANG_WARN_RANGE_LOOP_ANALYSIS = YES;
				CLANG_WARN_STRICT_PROTOTYPES = YES;
				CLANG_WARN_SUSPICIOUS_MOVE = YES;
				CLANG_WARN_UNGUARDED_AVAILABILITY = YES_AGGRESSIVE;
				CLANG_WARN_UNREACHABLE_CODE = YES;
				CLANG_WARN__DUPLICATE_METHOD_MATCH = YES;
				COPY_PHASE_STRIP = NO;
				DEBUG_INFORMATION_FORMAT = dwarf;
				ENABLE_STRICT_OBJC_MSGSEND = YES;
				ENABLE_TESTABILITY = YES;
				GCC_C_LANGUAGE_STANDARD = gnu11;
				GCC_DYNAMIC_NO_PIC = NO;
				GCC_NO_COMMON_BLOCKS = YES;
				GCC_OPTIMIZATION_LEVEL = 0;
				GCC_PREPROCESSOR_DEFINITIONS = (
					"DEBUG=1",
					"$(inherited)",
				);
				GCC_WARN_64_TO_32_BIT_CONVERSION = YES;
				GCC_WARN_ABOUT_RETURN_TYPE = YES_ERROR;
				GCC_WARN_UNDECLARED_SELECTOR = YES;
				GCC_WARN_UNINITIALIZED_AUTOS = YES_AGGRESSIVE;
				GCC_WARN_UNUSED_FUNCTION = YES;
				GCC_WARN_UNUSED_VARIABLE = YES;
				IPHONEOS_DEPLOYMENT_TARGET = 15.0;
				MTL_ENABLE_DEBUG_INFO = INCLUDE_SOURCE;
				MTL_FAST_MATH = YES;
				ONLY_ACTIVE_ARCH = YES;
				SDKROOT = iphoneos;
				SWIFT_ACTIVE_COMPILATION_CONDITIONS = DEBUG;
				SWIFT_OPTIMIZATION_LEVEL = "-Onone";
			};
			name = Debug;
		};
		B92591E027B54E970019031E /* Release */ = {
			isa = XCBuildConfiguration;
			buildSettings = {
				ALWAYS_SEARCH_USER_PATHS = NO;
				CLANG_ANALYZER_NONNULL = YES;
				CLANG_ANALYZER_NUMBER_OBJECT_CONVERSION = YES_AGGRESSIVE;
				CLANG_CXX_LANGUAGE_STANDARD = "gnu++17";
				CLANG_CXX_LIBRARY = "libc++";
				CLANG_ENABLE_MODULES = YES;
				CLANG_ENABLE_OBJC_ARC = YES;
				CLANG_ENABLE_OBJC_WEAK = YES;
				CLANG_WARN_BLOCK_CAPTURE_AUTORELEASING = YES;
				CLANG_WARN_BOOL_CONVERSION = YES;
				CLANG_WARN_COMMA = YES;
				CLANG_WARN_CONSTANT_CONVERSION = YES;
				CLANG_WARN_DEPRECATED_OBJC_IMPLEMENTATIONS = YES;
				CLANG_WARN_DIRECT_OBJC_ISA_USAGE = YES_ERROR;
				CLANG_WARN_DOCUMENTATION_COMMENTS = YES;
				CLANG_WARN_EMPTY_BODY = YES;
				CLANG_WARN_ENUM_CONVERSION = YES;
				CLANG_WARN_INFINITE_RECURSION = YES;
				CLANG_WARN_INT_CONVERSION = YES;
				CLANG_WARN_NON_LITERAL_NULL_CONVERSION = YES;
				CLANG_WARN_OBJC_IMPLICIT_RETAIN_SELF = YES;
				CLANG_WARN_OBJC_LITERAL_CONVERSION = YES;
				CLANG_WARN_OBJC_ROOT_CLASS = YES_ERROR;
				CLANG_WARN_QUOTED_INCLUDE_IN_FRAMEWORK_HEADER = YES;
				CLANG_WARN_RANGE_LOOP_ANALYSIS = YES;
				CLANG_WARN_STRICT_PROTOTYPES = YES;
				CLANG_WARN_SUSPICIOUS_MOVE = YES;
				CLANG_WARN_UNGUARDED_AVAILABILITY = YES_AGGRESSIVE;
				CLANG_WARN_UNREACHABLE_CODE = YES;
				CLANG_WARN__DUPLICATE_METHOD_MATCH = YES;
				COPY_PHASE_STRIP = NO;
				DEBUG_INFORMATION_FORMAT = "dwarf-with-dsym";
				ENABLE_NS_ASSERTIONS = NO;
				ENABLE_STRICT_OBJC_MSGSEND = YES;
				GCC_C_LANGUAGE_STANDARD = gnu11;
				GCC_NO_COMMON_BLOCKS = YES;
				GCC_WARN_64_TO_32_BIT_CONVERSION = YES;
				GCC_WARN_ABOUT_RETURN_TYPE = YES_ERROR;
				GCC_WARN_UNDECLARED_SELECTOR = YES;
				GCC_WARN_UNINITIALIZED_AUTOS = YES_AGGRESSIVE;
				GCC_WARN_UNUSED_FUNCTION = YES;
				GCC_WARN_UNUSED_VARIABLE = YES;
				IPHONEOS_DEPLOYMENT_TARGET = 15.0;
				MTL_ENABLE_DEBUG_INFO = NO;
				MTL_FAST_MATH = YES;
				SDKROOT = iphoneos;
				SWIFT_COMPILATION_MODE = wholemodule;
				SWIFT_OPTIMIZATION_LEVEL = "-O";
				VALIDATE_PRODUCT = YES;
			};
			name = Release;
		};
		B92591E227B54E970019031E /* Debug */ = {
			isa = XCBuildConfiguration;
			buildSettings = {
				ASSETCATALOG_COMPILER_APPICON_NAME = AppIcon;
				ASSETCATALOG_COMPILER_GLOBAL_ACCENT_COLOR_NAME = AccentColor;
				CODE_SIGN_STYLE = Automatic;
				CURRENT_PROJECT_VERSION = 1;
				DEVELOPMENT_TEAM = QD49F8UH37;
				GENERATE_INFOPLIST_FILE = YES;
				INFOPLIST_FILE = SpotifyClone/Info.plist;
				INFOPLIST_KEY_UIApplicationSupportsIndirectInputEvents = YES;
				INFOPLIST_KEY_UILaunchStoryboardName = LaunchScreen;
				INFOPLIST_KEY_UISupportedInterfaceOrientations_iPad = "UIInterfaceOrientationPortrait UIInterfaceOrientationPortraitUpsideDown UIInterfaceOrientationLandscapeLeft UIInterfaceOrientationLandscapeRight";
				INFOPLIST_KEY_UISupportedInterfaceOrientations_iPhone = "UIInterfaceOrientationPortrait UIInterfaceOrientationLandscapeLeft UIInterfaceOrientationLandscapeRight";
				LD_RUNPATH_SEARCH_PATHS = (
					"$(inherited)",
					"@executable_path/Frameworks",
				);
				MARKETING_VERSION = 1.0;
				PRODUCT_BUNDLE_IDENTIFIER = "Wyman-Lin.SpotifyClone";
				PRODUCT_NAME = "$(TARGET_NAME)";
				SWIFT_EMIT_LOC_STRINGS = YES;
				SWIFT_VERSION = 5.0;
				TARGETED_DEVICE_FAMILY = "1,2";
			};
			name = Debug;
		};
		B92591E327B54E970019031E /* Release */ = {
			isa = XCBuildConfiguration;
			buildSettings = {
				ASSETCATALOG_COMPILER_APPICON_NAME = AppIcon;
				ASSETCATALOG_COMPILER_GLOBAL_ACCENT_COLOR_NAME = AccentColor;
				CODE_SIGN_STYLE = Automatic;
				CURRENT_PROJECT_VERSION = 1;
				DEVELOPMENT_TEAM = QD49F8UH37;
				GENERATE_INFOPLIST_FILE = YES;
				INFOPLIST_FILE = SpotifyClone/Info.plist;
				INFOPLIST_KEY_UIApplicationSupportsIndirectInputEvents = YES;
				INFOPLIST_KEY_UILaunchStoryboardName = LaunchScreen;
				INFOPLIST_KEY_UISupportedInterfaceOrientations_iPad = "UIInterfaceOrientationPortrait UIInterfaceOrientationPortraitUpsideDown UIInterfaceOrientationLandscapeLeft UIInterfaceOrientationLandscapeRight";
				INFOPLIST_KEY_UISupportedInterfaceOrientations_iPhone = "UIInterfaceOrientationPortrait UIInterfaceOrientationLandscapeLeft UIInterfaceOrientationLandscapeRight";
				LD_RUNPATH_SEARCH_PATHS = (
					"$(inherited)",
					"@executable_path/Frameworks",
				);
				MARKETING_VERSION = 1.0;
				PRODUCT_BUNDLE_IDENTIFIER = "Wyman-Lin.SpotifyClone";
				PRODUCT_NAME = "$(TARGET_NAME)";
				SWIFT_EMIT_LOC_STRINGS = YES;
				SWIFT_VERSION = 5.0;
				TARGETED_DEVICE_FAMILY = "1,2";
			};
			name = Release;
		};
/* End XCBuildConfiguration section */

/* Begin XCConfigurationList section */
		B92591C827B54E960019031E /* Build configuration list for PBXProject "SpotifyClone" */ = {
			isa = XCConfigurationList;
			buildConfigurations = (
				B92591DF27B54E970019031E /* Debug */,
				B92591E027B54E970019031E /* Release */,
			);
			defaultConfigurationIsVisible = 0;
			defaultConfigurationName = Release;
		};
		B92591E127B54E970019031E /* Build configuration list for PBXNativeTarget "SpotifyClone" */ = {
			isa = XCConfigurationList;
			buildConfigurations = (
				B92591E227B54E970019031E /* Debug */,
				B92591E327B54E970019031E /* Release */,
			);
			defaultConfigurationIsVisible = 0;
			defaultConfigurationName = Release;
		};
/* End XCConfigurationList section */

/* Begin XCRemoteSwiftPackageReference section */
		B936EDD027C1586100E1FA27 /* XCRemoteSwiftPackageReference "SDWebImage" */ = {
			isa = XCRemoteSwiftPackageReference;
			repositoryURL = "https://github.com/SDWebImage/SDWebImage.git";
			requirement = {
				kind = upToNextMajorVersion;
				minimumVersion = 5.0.0;
			};
		};
/* End XCRemoteSwiftPackageReference section */

/* Begin XCSwiftPackageProductDependency section */
		B936EDD127C1586100E1FA27 /* SDWebImage */ = {
			isa = XCSwiftPackageProductDependency;
			package = B936EDD027C1586100E1FA27 /* XCRemoteSwiftPackageReference "SDWebImage" */;
			productName = SDWebImage;
		};
/* End XCSwiftPackageProductDependency section */
	};
	rootObject = B92591C527B54E960019031E /* Project object */;
}
